
Microsoft Visual Studio Solution File, Format Version 12.00
# Visual Studio Version 17
VisualStudioVersion = 17.0.31903.59
MinimumVisualStudioVersion = 10.0.40219.1
Project("{2150E333-8FDC-42A3-9474-1A3956D46DE8}") = "src", "src", "{827E0CD3-B72D-47B6-A68D-7590B98EB39B}"
EndProject
Project("{FAE04EC0-301F-11D3-BF4B-00C04F79EFBC}") = "Daedalus.Abstractions", "src\Daedalus.Abstractions\Daedalus.Abstractions.csproj", "{792C9362-42EA-44A6-A74C-558AF135E72C}"
EndProject
Project("{FAE04EC0-301F-11D3-BF4B-00C04F79EFBC}") = "Daedalus.Hosting", "src\Daedalus.Hosting\Daedalus.Hosting.csproj", "{0FB17D28-E1A4-4E4A-9E50-4DAAA0B606A1}"
EndProject
Project("{FAE04EC0-301F-11D3-BF4B-00C04F79EFBC}") = "Daedalus.App", "src\Daedalus.App\Daedalus.App.csproj", "{CAEC12AF-4195-4F71-BA08-7F245B38CBE1}"
EndProject
Project("{2150E333-8FDC-42A3-9474-1A3956D46DE8}") = "plugins", "plugins", "{07D57EEB-2F50-60C4-C011-FE4FA775C9A8}"
EndProject
Project("{FAE04EC0-301F-11D3-BF4B-00C04F79EFBC}") = "Daedalus.Tools.Hermes", "plugins\Daedalus.Tools.Hermes\Daedalus.Tools.Hermes.csproj", "{3DC1F0C6-DC12-4554-8BDE-911DC93DC3D0}"
EndProject
Project("{FAE04EC0-301F-11D3-BF4B-00C04F79EFBC}") = "Daedalus.Tools.Proteus", "plugins\Daedalus.Tools.Proteus\Daedalus.Tools.Proteus.csproj", "{BDCC33CB-85F3-40DA-AA70-CB85DB3714DC}"
EndProject
Project("{2150E333-8FDC-42A3-9474-1A3956D46DE8}") = "Formatters", "Formatters", "{0F4B1B3C-92A9-2257-E715-8C556066465E}"
EndProject
Project("{FAE04EC0-301F-11D3-BF4B-00C04F79EFBC}") = "Daedalus.Formatters.Json", "plugins\Daedalus.Tools.Proteus\Daedalus.Formatters.Json\Daedalus.Formatters.Json.csproj", "{6AACA383-8A2A-4060-A8CE-0ECB06FBF345}"
EndProject
Project("{FAE04EC0-301F-11D3-BF4B-00C04F79EFBC}") = "Daedalus.Formatters.Xml", "plugins\Daedalus.Tools.Proteus\Daedalus.Formatters.Xml\Daedalus.Formatters.Xml.csproj", "{AE6EC15B-16B5-4C78-BB79-A0085E7A1314}"
EndProject
Project("{2150E333-8FDC-42A3-9474-1A3956D46DE8}") = "tests", "tests", "{0AB3BF05-4346-4AA6-1389-037BE0695223}"
EndProject
Project("{FAE04EC0-301F-11D3-BF4B-00C04F79EFBC}") = "Daedalus.Hosting.Tests", "tests\Daedalus.Hosting.Tests\Daedalus.Hosting.Tests.csproj", "{94715570-20BD-4199-A9C6-AF69D182031D}"
EndProject
Project("{FAE04EC0-301F-11D3-BF4B-00C04F79EFBC}") = "Daedalus.Tools.Hermes.Tests", "tests\Daedalus.Tools.Hermes.Tests\Daedalus.Tools.Hermes.Tests.csproj", "{91DBE1CE-1F83-4E48-A50B-1C76873840B7}"
EndProject
Project("{FAE04EC0-301F-11D3-BF4B-00C04F79EFBC}") = "Daedalus.Tools.Proteus.Tests", "tests\Daedalus.Tools.Proteus.Tests\Daedalus.Tools.Proteus.Tests.csproj", "{FA5CBAAF-8345-4FAC-B06E-CB5FC0A1EA39}"
EndProject
Project("{FAE04EC0-301F-11D3-BF4B-00C04F79EFBC}") = "Daedalus.Formatters.Json.Tests", "tests\Daedalus.Formatters.Json.Tests\Daedalus.Formatters.Json.Tests.csproj", "{25F67661-279F-41FA-8AC4-3FB6CAA85DFF}"
EndProject
Project("{FAE04EC0-301F-11D3-BF4B-00C04F79EFBC}") = "Daedalus.Formatters.Xml.Tests", "tests\Daedalus.Formatters.Xml.Tests\Daedalus.Formatters.Xml.Tests.csproj", "{698FEABA-BE5C-4CFE-AC88-C9BE3DA59718}"
EndProject
Global
	GlobalSection(SolutionConfigurationPlatforms) = preSolution
		Debug|Any CPU = Debug|Any CPU
		Debug|x64 = Debug|x64
		Debug|x86 = Debug|x86
		Release|Any CPU = Release|Any CPU
		Release|x64 = Release|x64
		Release|x86 = Release|x86
	EndGlobalSection
	GlobalSection(ProjectConfigurationPlatforms) = postSolution
		{792C9362-42EA-44A6-A74C-558AF135E72C}.Debug|Any CPU.ActiveCfg = Debug|Any CPU
		{792C9362-42EA-44A6-A74C-558AF135E72C}.Debug|Any CPU.Build.0 = Debug|Any CPU
		{792C9362-42EA-44A6-A74C-558AF135E72C}.Debug|x64.ActiveCfg = Debug|Any CPU
		{792C9362-42EA-44A6-A74C-558AF135E72C}.Debug|x64.Build.0 = Debug|Any CPU
		{792C9362-42EA-44A6-A74C-558AF135E72C}.Debug|x86.ActiveCfg = Debug|Any CPU
		{792C9362-42EA-44A6-A74C-558AF135E72C}.Debug|x86.Build.0 = Debug|Any CPU
		{792C9362-42EA-44A6-A74C-558AF135E72C}.Release|Any CPU.ActiveCfg = Release|Any CPU
		{792C9362-42EA-44A6-A74C-558AF135E72C}.Release|Any CPU.Build.0 = Release|Any CPU
		{792C9362-42EA-44A6-A74C-558AF135E72C}.Release|x64.ActiveCfg = Release|Any CPU
		{792C9362-42EA-44A6-A74C-558AF135E72C}.Release|x64.Build.0 = Release|Any CPU
		{792C9362-42EA-44A6-A74C-558AF135E72C}.Release|x86.ActiveCfg = Release|Any CPU
		{792C9362-42EA-44A6-A74C-558AF135E72C}.Release|x86.Build.0 = Release|Any CPU
		{0FB17D28-E1A4-4E4A-9E50-4DAAA0B606A1}.Debug|Any CPU.ActiveCfg = Debug|Any CPU
		{0FB17D28-E1A4-4E4A-9E50-4DAAA0B606A1}.Debug|Any CPU.Build.0 = Debug|Any CPU
		{0FB17D28-E1A4-4E4A-9E50-4DAAA0B606A1}.Debug|x64.ActiveCfg = Debug|Any CPU
		{0FB17D28-E1A4-4E4A-9E50-4DAAA0B606A1}.Debug|x64.Build.0 = Debug|Any CPU
		{0FB17D28-E1A4-4E4A-9E50-4DAAA0B606A1}.Debug|x86.ActiveCfg = Debug|Any CPU
		{0FB17D28-E1A4-4E4A-9E50-4DAAA0B606A1}.Debug|x86.Build.0 = Debug|Any CPU
		{0FB17D28-E1A4-4E4A-9E50-4DAAA0B606A1}.Release|Any CPU.ActiveCfg = Release|Any CPU
		{0FB17D28-E1A4-4E4A-9E50-4DAAA0B606A1}.Release|Any CPU.Build.0 = Release|Any CPU
		{0FB17D28-E1A4-4E4A-9E50-4DAAA0B606A1}.Release|x64.ActiveCfg = Release|Any CPU
		{0FB17D28-E1A4-4E4A-9E50-4DAAA0B606A1}.Release|x64.Build.0 = Release|Any CPU
		{0FB17D28-E1A4-4E4A-9E50-4DAAA0B606A1}.Release|x86.ActiveCfg = Release|Any CPU
		{0FB17D28-E1A4-4E4A-9E50-4DAAA0B606A1}.Release|x86.Build.0 = Release|Any CPU
		{CAEC12AF-4195-4F71-BA08-7F245B38CBE1}.Debug|Any CPU.ActiveCfg = Debug|Any CPU
		{CAEC12AF-4195-4F71-BA08-7F245B38CBE1}.Debug|Any CPU.Build.0 = Debug|Any CPU
		{CAEC12AF-4195-4F71-BA08-7F245B38CBE1}.Debug|x64.ActiveCfg = Debug|Any CPU
		{CAEC12AF-4195-4F71-BA08-7F245B38CBE1}.Debug|x64.Build.0 = Debug|Any CPU
		{CAEC12AF-4195-4F71-BA08-7F245B38CBE1}.Debug|x86.ActiveCfg = Debug|Any CPU
		{CAEC12AF-4195-4F71-BA08-7F245B38CBE1}.Debug|x86.Build.0 = Debug|Any CPU
		{CAEC12AF-4195-4F71-BA08-7F245B38CBE1}.Release|Any CPU.ActiveCfg = Release|Any CPU
		{CAEC12AF-4195-4F71-BA08-7F245B38CBE1}.Release|Any CPU.Build.0 = Release|Any CPU
		{CAEC12AF-4195-4F71-BA08-7F245B38CBE1}.Release|x64.ActiveCfg = Release|Any CPU
		{CAEC12AF-4195-4F71-BA08-7F245B38CBE1}.Release|x64.Build.0 = Release|Any CPU
		{CAEC12AF-4195-4F71-BA08-7F245B38CBE1}.Release|x86.ActiveCfg = Release|Any CPU
		{CAEC12AF-4195-4F71-BA08-7F245B38CBE1}.Release|x86.Build.0 = Release|Any CPU
		{3DC1F0C6-DC12-4554-8BDE-911DC93DC3D0}.Debug|Any CPU.ActiveCfg = Debug|Any CPU
		{3DC1F0C6-DC12-4554-8BDE-911DC93DC3D0}.Debug|Any CPU.Build.0 = Debug|Any CPU
		{3DC1F0C6-DC12-4554-8BDE-911DC93DC3D0}.Debug|x64.ActiveCfg = Debug|Any CPU
		{3DC1F0C6-DC12-4554-8BDE-911DC93DC3D0}.Debug|x64.Build.0 = Debug|Any CPU
		{3DC1F0C6-DC12-4554-8BDE-911DC93DC3D0}.Debug|x86.ActiveCfg = Debug|Any CPU
		{3DC1F0C6-DC12-4554-8BDE-911DC93DC3D0}.Debug|x86.Build.0 = Debug|Any CPU
		{3DC1F0C6-DC12-4554-8BDE-911DC93DC3D0}.Release|Any CPU.ActiveCfg = Release|Any CPU
		{3DC1F0C6-DC12-4554-8BDE-911DC93DC3D0}.Release|Any CPU.Build.0 = Release|Any CPU
		{3DC1F0C6-DC12-4554-8BDE-911DC93DC3D0}.Release|x64.ActiveCfg = Release|Any CPU
		{3DC1F0C6-DC12-4554-8BDE-911DC93DC3D0}.Release|x64.Build.0 = Release|Any CPU
		{3DC1F0C6-DC12-4554-8BDE-911DC93DC3D0}.Release|x86.ActiveCfg = Release|Any CPU
		{3DC1F0C6-DC12-4554-8BDE-911DC93DC3D0}.Release|x86.Build.0 = Release|Any CPU
		{BDCC33CB-85F3-40DA-AA70-CB85DB3714DC}.Debug|Any CPU.ActiveCfg = Debug|Any CPU
		{BDCC33CB-85F3-40DA-AA70-CB85DB3714DC}.Debug|Any CPU.Build.0 = Debug|Any CPU
		{BDCC33CB-85F3-40DA-AA70-CB85DB3714DC}.Debug|x64.ActiveCfg = Debug|Any CPU
		{BDCC33CB-85F3-40DA-AA70-CB85DB3714DC}.Debug|x64.Build.0 = Debug|Any CPU
		{BDCC33CB-85F3-40DA-AA70-CB85DB3714DC}.Debug|x86.ActiveCfg = Debug|Any CPU
		{BDCC33CB-85F3-40DA-AA70-CB85DB3714DC}.Debug|x86.Build.0 = Debug|Any CPU
		{BDCC33CB-85F3-40DA-AA70-CB85DB3714DC}.Release|Any CPU.ActiveCfg = Release|Any CPU
		{BDCC33CB-85F3-40DA-AA70-CB85DB3714DC}.Release|Any CPU.Build.0 = Release|Any CPU
		{BDCC33CB-85F3-40DA-AA70-CB85DB3714DC}.Release|x64.ActiveCfg = Release|Any CPU
		{BDCC33CB-85F3-40DA-AA70-CB85DB3714DC}.Release|x64.Build.0 = Release|Any CPU
		{BDCC33CB-85F3-40DA-AA70-CB85DB3714DC}.Release|x86.ActiveCfg = Release|Any CPU
		{BDCC33CB-85F3-40DA-AA70-CB85DB3714DC}.Release|x86.Build.0 = Release|Any CPU
		{6AACA383-8A2A-4060-A8CE-0ECB06FBF345}.Debug|Any CPU.ActiveCfg = Debug|Any CPU
		{6AACA383-8A2A-4060-A8CE-0ECB06FBF345}.Debug|Any CPU.Build.0 = Debug|Any CPU
		{6AACA383-8A2A-4060-A8CE-0ECB06FBF345}.Debug|x64.ActiveCfg = Debug|Any CPU
		{6AACA383-8A2A-4060-A8CE-0ECB06FBF345}.Debug|x64.Build.0 = Debug|Any CPU
		{6AACA383-8A2A-4060-A8CE-0ECB06FBF345}.Debug|x86.ActiveCfg = Debug|Any CPU
		{6AACA383-8A2A-4060-A8CE-0ECB06FBF345}.Debug|x86.Build.0 = Debug|Any CPU
		{6AACA383-8A2A-4060-A8CE-0ECB06FBF345}.Release|Any CPU.ActiveCfg = Release|Any CPU
		{6AACA383-8A2A-4060-A8CE-0ECB06FBF345}.Release|Any CPU.Build.0 = Release|Any CPU
		{6AACA383-8A2A-4060-A8CE-0ECB06FBF345}.Release|x64.ActiveCfg = Release|Any CPU
		{6AACA383-8A2A-4060-A8CE-0ECB06FBF345}.Release|x64.Build.0 = Release|Any CPU
		{6AACA383-8A2A-4060-A8CE-0ECB06FBF345}.Release|x86.ActiveCfg = Release|Any CPU
		{6AACA383-8A2A-4060-A8CE-0ECB06FBF345}.Release|x86.Build.0 = Release|Any CPU
		{AE6EC15B-16B5-4C78-BB79-A0085E7A1314}.Debug|Any CPU.ActiveCfg = Debug|Any CPU
		{AE6EC15B-16B5-4C78-BB79-A0085E7A1314}.Debug|Any CPU.Build.0 = Debug|Any CPU
		{AE6EC15B-16B5-4C78-BB79-A0085E7A1314}.Debug|x64.ActiveCfg = Debug|Any CPU
		{AE6EC15B-16B5-4C78-BB79-A0085E7A1314}.Debug|x64.Build.0 = Debug|Any CPU
		{AE6EC15B-16B5-4C78-BB79-A0085E7A1314}.Debug|x86.ActiveCfg = Debug|Any CPU
		{AE6EC15B-16B5-4C78-BB79-A0085E7A1314}.Debug|x86.Build.0 = Debug|Any CPU
		{AE6EC15B-16B5-4C78-BB79-A0085E7A1314}.Release|Any CPU.ActiveCfg = Release|Any CPU
		{AE6EC15B-16B5-4C78-BB79-A0085E7A1314}.Release|Any CPU.Build.0 = Release|Any CPU
		{AE6EC15B-16B5-4C78-BB79-A0085E7A1314}.Release|x64.ActiveCfg = Release|Any CPU
		{AE6EC15B-16B5-4C78-BB79-A0085E7A1314}.Release|x64.Build.0 = Release|Any CPU
		{AE6EC15B-16B5-4C78-BB79-A0085E7A1314}.Release|x86.ActiveCfg = Release|Any CPU
		{AE6EC15B-16B5-4C78-BB79-A0085E7A1314}.Release|x86.Build.0 = Release|Any CPU
		{94715570-20BD-4199-A9C6-AF69D182031D}.Debug|Any CPU.ActiveCfg = Debug|Any CPU
		{94715570-20BD-4199-A9C6-AF69D182031D}.Debug|Any CPU.Build.0 = Debug|Any CPU
		{94715570-20BD-4199-A9C6-AF69D182031D}.Debug|x64.ActiveCfg = Debug|Any CPU
		{94715570-20BD-4199-A9C6-AF69D182031D}.Debug|x64.Build.0 = Debug|Any CPU
		{94715570-20BD-4199-A9C6-AF69D182031D}.Debug|x86.ActiveCfg = Debug|Any CPU
		{94715570-20BD-4199-A9C6-AF69D182031D}.Debug|x86.Build.0 = Debug|Any CPU
		{94715570-20BD-4199-A9C6-AF69D182031D}.Release|Any CPU.ActiveCfg = Release|Any CPU
		{94715570-20BD-4199-A9C6-AF69D182031D}.Release|Any CPU.Build.0 = Release|Any CPU
		{94715570-20BD-4199-A9C6-AF69D182031D}.Release|x64.ActiveCfg = Release|Any CPU
		{94715570-20BD-4199-A9C6-AF69D182031D}.Release|x64.Build.0 = Release|Any CPU
		{94715570-20BD-4199-A9C6-AF69D182031D}.Release|x86.ActiveCfg = Release|Any CPU
		{94715570-20BD-4199-A9C6-AF69D182031D}.Release|x86.Build.0 = Release|Any CPU
		{91DBE1CE-1F83-4E48-A50B-1C76873840B7}.Debug|Any CPU.ActiveCfg = Debug|Any CPU
		{91DBE1CE-1F83-4E48-A50B-1C76873840B7}.Debug|Any CPU.Build.0 = Debug|Any CPU
		{91DBE1CE-1F83-4E48-A50B-1C76873840B7}.Debug|x64.ActiveCfg = Debug|Any CPU
		{91DBE1CE-1F83-4E48-A50B-1C76873840B7}.Debug|x64.Build.0 = Debug|Any CPU
		{91DBE1CE-1F83-4E48-A50B-1C76873840B7}.Debug|x86.ActiveCfg = Debug|Any CPU
		{91DBE1CE-1F83-4E48-A50B-1C76873840B7}.Debug|x86.Build.0 = Debug|Any CPU
		{91DBE1CE-1F83-4E48-A50B-1C76873840B7}.Release|Any CPU.ActiveCfg = Release|Any CPU
		{91DBE1CE-1F83-4E48-A50B-1C76873840B7}.Release|Any CPU.Build.0 = Release|Any CPU
		{91DBE1CE-1F83-4E48-A50B-1C76873840B7}.Release|x64.ActiveCfg = Release|Any CPU
		{91DBE1CE-1F83-4E48-A50B-1C76873840B7}.Release|x64.Build.0 = Release|Any CPU
		{91DBE1CE-1F83-4E48-A50B-1C76873840B7}.Release|x86.ActiveCfg = Release|Any CPU
		{91DBE1CE-1F83-4E48-A50B-1C76873840B7}.Release|x86.Build.0 = Release|Any CPU
		{FA5CBAAF-8345-4FAC-B06E-CB5FC0A1EA39}.Debug|Any CPU.ActiveCfg = Debug|Any CPU
		{FA5CBAAF-8345-4FAC-B06E-CB5FC0A1EA39}.Debug|Any CPU.Build.0 = Debug|Any CPU
		{FA5CBAAF-8345-4FAC-B06E-CB5FC0A1EA39}.Debug|x64.ActiveCfg = Debug|Any CPU
		{FA5CBAAF-8345-4FAC-B06E-CB5FC0A1EA39}.Debug|x64.Build.0 = Debug|Any CPU
		{FA5CBAAF-8345-4FAC-B06E-CB5FC0A1EA39}.Debug|x86.ActiveCfg = Debug|Any CPU
		{FA5CBAAF-8345-4FAC-B06E-CB5FC0A1EA39}.Debug|x86.Build.0 = Debug|Any CPU
		{FA5CBAAF-8345-4FAC-B06E-CB5FC0A1EA39}.Release|Any CPU.ActiveCfg = Release|Any CPU
		{FA5CBAAF-8345-4FAC-B06E-CB5FC0A1EA39}.Release|Any CPU.Build.0 = Release|Any CPU
		{FA5CBAAF-8345-4FAC-B06E-CB5FC0A1EA39}.Release|x64.ActiveCfg = Release|Any CPU
		{FA5CBAAF-8345-4FAC-B06E-CB5FC0A1EA39}.Release|x64.Build.0 = Release|Any CPU
		{FA5CBAAF-8345-4FAC-B06E-CB5FC0A1EA39}.Release|x86.ActiveCfg = Release|Any CPU
		{FA5CBAAF-8345-4FAC-B06E-CB5FC0A1EA39}.Release|x86.Build.0 = Release|Any CPU
		{25F67661-279F-41FA-8AC4-3FB6CAA85DFF}.Debug|Any CPU.ActiveCfg = Debug|Any CPU
		{25F67661-279F-41FA-8AC4-3FB6CAA85DFF}.Debug|Any CPU.Build.0 = Debug|Any CPU
		{25F67661-279F-41FA-8AC4-3FB6CAA85DFF}.Debug|x64.ActiveCfg = Debug|Any CPU
		{25F67661-279F-41FA-8AC4-3FB6CAA85DFF}.Debug|x64.Build.0 = Debug|Any CPU
		{25F67661-279F-41FA-8AC4-3FB6CAA85DFF}.Debug|x86.ActiveCfg = Debug|Any CPU
		{25F67661-279F-41FA-8AC4-3FB6CAA85DFF}.Debug|x86.Build.0 = Debug|Any CPU
		{25F67661-279F-41FA-8AC4-3FB6CAA85DFF}.Release|Any CPU.ActiveCfg = Release|Any CPU
		{25F67661-279F-41FA-8AC4-3FB6CAA85DFF}.Release|Any CPU.Build.0 = Release|Any CPU
		{25F67661-279F-41FA-8AC4-3FB6CAA85DFF}.Release|x64.ActiveCfg = Release|Any CPU
		{25F67661-279F-41FA-8AC4-3FB6CAA85DFF}.Release|x64.Build.0 = Release|Any CPU
		{25F67661-279F-41FA-8AC4-3FB6CAA85DFF}.Release|x86.ActiveCfg = Release|Any CPU
		{25F67661-279F-41FA-8AC4-3FB6CAA85DFF}.Release|x86.Build.0 = Release|Any CPU
		{698FEABA-BE5C-4CFE-AC88-C9BE3DA59718}.Debug|Any CPU.ActiveCfg = Debug|Any CPU
		{698FEABA-BE5C-4CFE-AC88-C9BE3DA59718}.Debug|Any CPU.Build.0 = Debug|Any CPU
		{698FEABA-BE5C-4CFE-AC88-C9BE3DA59718}.Debug|x64.ActiveCfg = Debug|Any CPU
		{698FEABA-BE5C-4CFE-AC88-C9BE3DA59718}.Debug|x64.Build.0 = Debug|Any CPU
		{698FEABA-BE5C-4CFE-AC88-C9BE3DA59718}.Debug|x86.ActiveCfg = Debug|Any CPU
		{698FEABA-BE5C-4CFE-AC88-C9BE3DA59718}.Debug|x86.Build.0 = Debug|Any CPU
		{698FEABA-BE5C-4CFE-AC88-C9BE3DA59718}.Release|Any CPU.ActiveCfg = Release|Any CPU
		{698FEABA-BE5C-4CFE-AC88-C9BE3DA59718}.Release|Any CPU.Build.0 = Release|Any CPU
		{698FEABA-BE5C-4CFE-AC88-C9BE3DA59718}.Release|x64.ActiveCfg = Release|Any CPU
		{698FEABA-BE5C-4CFE-AC88-C9BE3DA59718}.Release|x64.Build.0 = Release|Any CPU
		{698FEABA-BE5C-4CFE-AC88-C9BE3DA59718}.Release|x86.ActiveCfg = Release|Any CPU
		{698FEABA-BE5C-4CFE-AC88-C9BE3DA59718}.Release|x86.Build.0 = Release|Any CPU
	EndGlobalSection
	GlobalSection(SolutionProperties) = preSolution
		HideSolutionNode = FALSE
	EndGlobalSection
	GlobalSection(NestedProjects) = preSolution
		{792C9362-42EA-44A6-A74C-558AF135E72C} = {827E0CD3-B72D-47B6-A68D-7590B98EB39B}
		{0FB17D28-E1A4-4E4A-9E50-4DAAA0B606A1} = {827E0CD3-B72D-47B6-A68D-7590B98EB39B}
		{CAEC12AF-4195-4F71-BA08-7F245B38CBE1} = {827E0CD3-B72D-47B6-A68D-7590B98EB39B}
		{3DC1F0C6-DC12-4554-8BDE-911DC93DC3D0} = {07D57EEB-2F50-60C4-C011-FE4FA775C9A8}
		{BDCC33CB-85F3-40DA-AA70-CB85DB3714DC} = {07D57EEB-2F50-60C4-C011-FE4FA775C9A8}
		{0F4B1B3C-92A9-2257-E715-8C556066465E} = {07D57EEB-2F50-60C4-C011-FE4FA775C9A8}
		{6AACA383-8A2A-4060-A8CE-0ECB06FBF345} = {0F4B1B3C-92A9-2257-E715-8C556066465E}
		{AE6EC15B-16B5-4C78-BB79-A0085E7A1314} = {0F4B1B3C-92A9-2257-E715-8C556066465E}
		{94715570-20BD-4199-A9C6-AF69D182031D} = {0AB3BF05-4346-4AA6-1389-037BE0695223}
		{91DBE1CE-1F83-4E48-A50B-1C76873840B7} = {0AB3BF05-4346-4AA6-1389-037BE0695223}
		{FA5CBAAF-8345-4FAC-B06E-CB5FC0A1EA39} = {0AB3BF05-4346-4AA6-1389-037BE0695223}
		{25F67661-279F-41FA-8AC4-3FB6CAA85DFF} = {0AB3BF05-4346-4AA6-1389-037BE0695223}
		{698FEABA-BE5C-4CFE-AC88-C9BE3DA59718} = {0AB3BF05-4346-4AA6-1389-037BE0695223}
	EndGlobalSection
EndGlobal
